// !$*UTF8*$!
{
	archiveVersion = 1;
	classes = {
	};
	objectVersion = 46;
	objects = {

/* Begin PBXBuildFile section */
		C558377F1E6384BD0098E501 /* AppDelegate.swift in Sources */ = {isa = PBXBuildFile; fileRef = C558377E1E6384BD0098E501 /* AppDelegate.swift */; };
		C55837811E6384BD0098E501 /* ViewController.swift in Sources */ = {isa = PBXBuildFile; fileRef = C55837801E6384BD0098E501 /* ViewController.swift */; };
		C55837841E6384BD0098E501 /* Main.storyboard in Resources */ = {isa = PBXBuildFile; fileRef = C55837821E6384BD0098E501 /* Main.storyboard */; };
		C55837861E6384BD0098E501 /* Assets.xcassets in Resources */ = {isa = PBXBuildFile; fileRef = C55837851E6384BD0098E501 /* Assets.xcassets */; };
		C55837891E6384BD0098E501 /* LaunchScreen.storyboard in Resources */ = {isa = PBXBuildFile; fileRef = C55837871E6384BD0098E501 /* LaunchScreen.storyboard */; };
		C55837951E638AD60098E501 /* GameHelper.swift in Sources */ = {isa = PBXBuildFile; fileRef = C55837921E638AD60098E501 /* GameHelper.swift */; };
		C55837961E638AD60098E501 /* GameUtils.swift in Sources */ = {isa = PBXBuildFile; fileRef = C55837931E638AD60098E501 /* GameUtils.swift */; };
		C55837971E638AD60098E501 /* SCNAction+Extensions.swift in Sources */ = {isa = PBXBuildFile; fileRef = C55837941E638AD60098E501 /* SCNAction+Extensions.swift */; };
		C55837991E638B160098E501 /* MrPig.scnassets in Resources */ = {isa = PBXBuildFile; fileRef = C55837981E638B160098E501 /* MrPig.scnassets */; };
		C558379B1E6A13360098E501 /* Notes in Resources */ = {isa = PBXBuildFile; fileRef = C558379A1E6A13360098E501 /* Notes */; };
/* End PBXBuildFile section */

/* Begin PBXFileReference section */
		C558377B1E6384BD0098E501 /* Mr.Pig.app */ = {isa = PBXFileReference; explicitFileType = wrapper.application; includeInIndex = 0; path = Mr.Pig.app; sourceTree = BUILT_PRODUCTS_DIR; };
		C558377E1E6384BD0098E501 /* AppDelegate.swift */ = {isa = PBXFileReference; lastKnownFileType = sourcecode.swift; path = AppDelegate.swift; sourceTree = "<group>"; };
		C55837801E6384BD0098E501 /* ViewController.swift */ = {isa = PBXFileReference; lastKnownFileType = sourcecode.swift; path = ViewController.swift; sourceTree = "<group>"; };
		C55837831E6384BD0098E501 /* Base */ = {isa = PBXFileReference; lastKnownFileType = file.storyboard; name = Base; path = Base.lproj/Main.storyboard; sourceTree = "<group>"; };
		C55837851E6384BD0098E501 /* Assets.xcassets */ = {isa = PBXFileReference; lastKnownFileType = folder.assetcatalog; path = Assets.xcassets; sourceTree = "<group>"; };
		C55837881E6384BD0098E501 /* Base */ = {isa = PBXFileReference; lastKnownFileType = file.storyboard; name = Base; path = Base.lproj/LaunchScreen.storyboard; sourceTree = "<group>"; };
		C558378A1E6384BD0098E501 /* Info.plist */ = {isa = PBXFileReference; lastKnownFileType = text.plist.xml; path = Info.plist; sourceTree = "<group>"; };
		C55837921E638AD60098E501 /* GameHelper.swift */ = {isa = PBXFileReference; fileEncoding = 4; lastKnownFileType = sourcecode.swift; path = GameHelper.swift; sourceTree = "<group>"; };
		C55837931E638AD60098E501 /* GameUtils.swift */ = {isa = PBXFileReference; fileEncoding = 4; lastKnownFileType = sourcecode.swift; path = GameUtils.swift; sourceTree = "<group>"; };
		C55837941E638AD60098E501 /* SCNAction+Extensions.swift */ = {isa = PBXFileReference; fileEncoding = 4; lastKnownFileType = sourcecode.swift; path = "SCNAction+Extensions.swift"; sourceTree = "<group>"; };
		C55837981E638B160098E501 /* MrPig.scnassets */ = {isa = PBXFileReference; lastKnownFileType = wrapper.scnassets; path = MrPig.scnassets; sourceTree = "<group>"; };
		C558379A1E6A13360098E501 /* Notes */ = {isa = PBXFileReference; fileEncoding = 4; lastKnownFileType = text; path = Notes; sourceTree = "<group>"; };
/* End PBXFileReference section */

/* Begin PBXFrameworksBuildPhase section */
		C55837781E6384BD0098E501 /* Frameworks */ = {
			isa = PBXFrameworksBuildPhase;
			buildActionMask = 2147483647;
			files = (
			);
			runOnlyForDeploymentPostprocessing = 0;
		};
/* End PBXFrameworksBuildPhase section */

/* Begin PBXGroup section */
		C55837721E6384BD0098E501 = {
			isa = PBXGroup;
			children = (
				C558377D1E6384BD0098E501 /* Mr.Pig */,
				C558377C1E6384BD0098E501 /* Products */,
			);
			sourceTree = "<group>";
		};
		C558377C1E6384BD0098E501 /* Products */ = {
			isa = PBXGroup;
			children = (
				C558377B1E6384BD0098E501 /* Mr.Pig.app */,
			);
			name = Products;
			sourceTree = "<group>";
		};
		C558377D1E6384BD0098E501 /* Mr.Pig */ = {
			isa = PBXGroup;
			children = (
				C558379A1E6A13360098E501 /* Notes */,
				C55837981E638B160098E501 /* MrPig.scnassets */,
				C55837911E638AD60098E501 /* GameUtils */,
				C558377E1E6384BD0098E501 /* AppDelegate.swift */,
				C55837801E6384BD0098E501 /* ViewController.swift */,
				C55837821E6384BD0098E501 /* Main.storyboard */,
				C55837851E6384BD0098E501 /* Assets.xcassets */,
				C55837871E6384BD0098E501 /* LaunchScreen.storyboard */,
				C558378A1E6384BD0098E501 /* Info.plist */,
			);
			path = Mr.Pig;
			sourceTree = "<group>";
		};
		C55837911E638AD60098E501 /* GameUtils */ = {
			isa = PBXGroup;
			children = (
				C55837921E638AD60098E501 /* GameHelper.swift */,
				C55837931E638AD60098E501 /* GameUtils.swift */,
				C55837941E638AD60098E501 /* SCNAction+Extensions.swift */,
			);
			path = GameUtils;
			sourceTree = "<group>";
		};
/* End PBXGroup section */

/* Begin PBXNativeTarget section */
		C558377A1E6384BD0098E501 /* Mr.Pig */ = {
			isa = PBXNativeTarget;
			buildConfigurationList = C558378D1E6384BD0098E501 /* Build configuration list for PBXNativeTarget "Mr.Pig" */;
			buildPhases = (
				C55837771E6384BD0098E501 /* Sources */,
				C55837781E6384BD0098E501 /* Frameworks */,
				C55837791E6384BD0098E501 /* Resources */,
			);
			buildRules = (
			);
			dependencies = (
			);
			name = Mr.Pig;
			productName = Mr.Pig;
			productReference = C558377B1E6384BD0098E501 /* Mr.Pig.app */;
			productType = "com.apple.product-type.application";
		};
/* End PBXNativeTarget section */

/* Begin PBXProject section */
		C55837731E6384BD0098E501 /* Project object */ = {
			isa = PBXProject;
			attributes = {
				LastSwiftUpdateCheck = 0810;
				LastUpgradeCheck = 0810;
				ORGANIZATIONNAME = com.APHrockies2016.mobi;
				TargetAttributes = {
					C558377A1E6384BD0098E501 = {
						CreatedOnToolsVersion = 8.1;
						DevelopmentTeam = A3R6PYDYTC;
						ProvisioningStyle = Automatic;
					};
				};
			};
			buildConfigurationList = C55837761E6384BD0098E501 /* Build configuration list for PBXProject "Mr.Pig" */;
			compatibilityVersion = "Xcode 3.2";
			developmentRegion = English;
			hasScannedForEncodings = 0;
			knownRegions = (
				en,
				Base,
			);
			mainGroup = C55837721E6384BD0098E501;
			productRefGroup = C558377C1E6384BD0098E501 /* Products */;
			projectDirPath = "";
			projectRoot = "";
			targets = (
				C558377A1E6384BD0098E501 /* Mr.Pig */,
			);
		};
/* End PBXProject section */

/* Begin PBXResourcesBuildPhase section */
		C55837791E6384BD0098E501 /* Resources */ = {
			isa = PBXResourcesBuildPhase;
			buildActionMask = 2147483647;
			files = (
				C55837891E6384BD0098E501 /* LaunchScreen.storyboard in Resources */,
				C558379B1E6A13360098E501 /* Notes in Resources */,
				C55837861E6384BD0098E501 /* Assets.xcassets in Resources */,
				C55837841E6384BD0098E501 /* Main.storyboard in Resources */,
				C55837991E638B160098E501 /* MrPig.scnassets in Resources */,
			);
			runOnlyForDeploymentPostprocessing = 0;
		};
/* End PBXResourcesBuildPhase section */

/* Begin PBXSourcesBuildPhase section */
		C55837771E6384BD0098E501 /* Sources */ = {
			isa = PBXSourcesBuildPhase;
			buildActionMask = 2147483647;
			files = (
				C55837811E6384BD0098E501 /* ViewController.swift in Sources */,
				C55837971E638AD60098E501 /* SCNAction+Extensions.swift in Sources */,
				C55837961E638AD60098E501 /* GameUtils.swift in Sources */,
				C558377F1E6384BD0098E501 /* AppDelegate.swift in Sources */,
				C55837951E638AD60098E501 /* GameHelper.swift in Sources */,
			);
			runOnlyForDeploymentPostprocessing = 0;
		};
/* End PBXSourcesBuildPhase section */

/* Begin PBXVariantGroup section */
		C55837821E6384BD0098E501 /* Main.storyboard */ = {
			isa = PBXVariantGroup;
			children = (
				C55837831E6384BD0098E501 /* Base */,
			);
			name = Main.storyboard;
			sourceTree = "<group>";
		};
		C55837871E6384BD0098E501 /* LaunchScreen.storyboard */ = {
			isa = PBXVariantGroup;
			children = (
				C55837881E6384BD0098E501 /* Base */,
			);
			name = LaunchScreen.storyboard;
			sourceTree = "<group>";
		};
/* End PBXVariantGroup section */

/* Begin XCBuildConfiguration section */
		C558378B1E6384BD0098E501 /* Debug */ = {
			isa = XCBuildConfiguration;
			buildSettings = {
				ALWAYS_SEARCH_USER_PATHS = NO;
				CLANG_ANALYZER_NONNULL = YES;
				CLANG_CXX_LANGUAGE_STANDARD = "gnu++0x";
				CLANG_CXX_LIBRARY = "libc++";
				CLANG_ENABLE_MODULES = YES;
				CLANG_ENABLE_OBJC_ARC = YES;
				CLANG_WARN_BOOL_CONVERSION = YES;
				CLANG_WARN_CONSTANT_CONVERSION = YES;
				CLANG_WARN_DIRECT_OBJC_ISA_USAGE = YES_ERROR;
				CLANG_WARN_DOCUMENTATION_COMMENTS = YES;
				CLANG_WARN_EMPTY_BODY = YES;
				CLANG_WARN_ENUM_CONVERSION = YES;
				CLANG_WARN_INFINITE_RECURSION = YES;
				CLANG_WARN_INT_CONVERSION = YES;
				CLANG_WARN_OBJC_ROOT_CLASS = YES_ERROR;
				CLANG_WARN_SUSPICIOUS_MOVES = YES;
				CLANG_WARN_UNREACHABLE_CODE = YES;
				CLANG_WARN__DUPLICATE_METHOD_MATCH = YES;
				"CODE_SIGN_IDENTITY[sdk=iphoneos*]" = "iPhone Developer";
				COPY_PHASE_STRIP = NO;
				DEBUG_INFORMATION_FORMAT = dwarf;
				ENABLE_STRICT_OBJC_MSGSEND = YES;
				ENABLE_TESTABILITY = YES;
				GCC_C_LANGUAGE_STANDARD = gnu99;
				GCC_DYNAMIC_NO_PIC = NO;
				GCC_NO_COMMON_BLOCKS = YES;
				GCC_OPTIMIZATION_LEVEL = 0;
				GCC_PREPROCESSOR_DEFINITIONS = (
					"DEBUG=1",
					"$(inherited)",
				);
				GCC_WARN_64_TO_32_BIT_CONVERSION = YES;
				GCC_WARN_ABOUT_RETURN_TYPE = YES_ERROR;
				GCC_WARN_UNDECLARED_SELECTOR = YES;
				GCC_WARN_UNINITIALIZED_AUTOS = YES_AGGRESSIVE;
				GCC_WARN_UNUSED_FUNCTION = YES;
				GCC_WARN_UNUSED_VARIABLE = YES;
				IPHONEOS_DEPLOYMENT_TARGET = 10.1;
				MTL_ENABLE_DEBUG_INFO = YES;
				ONLY_ACTIVE_ARCH = YES;
				SDKROOT = iphoneos;
				SWIFT_ACTIVE_COMPILATION_CONDITIONS = DEBUG;
				SWIFT_OPTIMIZATION_LEVEL = "-Onone";
				TARGETED_DEVICE_FAMILY = "1,2";
			};
			name = Debug;
		};
		C558378C1E6384BD0098E501 /* Release */ = {
			isa = XCBuildConfiguration;
			buildSettings = {
				ALWAYS_SEARCH_USER_PATHS = NO;
				CLANG_ANALYZER_NONNULL = YES;
				CLANG_CXX_LANGUAGE_STANDARD = "gnu++0x";
				CLANG_CXX_LIBRARY = "libc++";
				CLANG_ENABLE_MODULES = YES;
				CLANG_ENABLE_OBJC_ARC = YES;
				CLANG_WARN_BOOL_CONVERSION = YES;
				CLANG_WARN_CONSTANT_CONVERSION = YES;
				CLANG_WARN_DIRECT_OBJC_ISA_USAGE = YES_ERROR;
				CLANG_WARN_DOCUMENTATION_COMMENTS = YES;
				CLANG_WARN_EMPTY_BODY = YES;
				CLANG_WARN_ENUM_CONVERSION = YES;
				CLANG_WARN_INFINITE_RECURSION = YES;
				CLANG_WARN_INT_CONVERSION = YES;
				CLANG_WARN_OBJC_ROOT_CLASS = YES_ERROR;
				CLANG_WARN_SUSPICIOUS_MOVES = YES;
				CLANG_WARN_UNREACHABLE_CODE = YES;
				CLANG_WARN__DUPLICATE_METHOD_MATCH = YES;
				"CODE_SIGN_IDENTITY[sdk=iphoneos*]" = "iPhone Developer";
				COPY_PHASE_STRIP = NO;
				DEBUG_INFORMATION_FORMAT = "dwarf-with-dsym";
				ENABLE_NS_ASSERTIONS = NO;
				ENABLE_STRICT_OBJC_MSGSEND = YES;
				GCC_C_LANGUAGE_STANDARD = gnu99;
				GCC_NO_COMMON_BLOCKS = YES;
				GCC_WARN_64_TO_32_BIT_CONVERSION = YES;
				GCC_WARN_ABOUT_RETURN_TYPE = YES_ERROR;
				GCC_WARN_UNDECLARED_SELECTOR = YES;
				GCC_WARN_UNINITIALIZED_AUTOS = YES_AGGRESSIVE;
				GCC_WARN_UNUSED_FUNCTION = YES;
				GCC_WARN_UNUSED_VARIABLE = YES;
				IPHONEOS_DEPLOYMENT_TARGET = 10.1;
				MTL_ENABLE_DEBUG_INFO = NO;
				SDKROOT = iphoneos;
				SWIFT_OPTIMIZATION_LEVEL = "-Owholemodule";
				TARGETED_DEVICE_FAMILY = "1,2";
				VALIDATE_PRODUCT = YES;
			};
			name = Release;
		};
		C558378E1E6384BD0098E501 /* Debug */ = {
			isa = XCBuildConfiguration;
			buildSettings = {
				ASSETCATALOG_COMPILER_APPICON_NAME = AppIcon;
				DEVELOPMENT_TEAM = A3R6PYDYTC;
				INFOPLIST_FILE = Mr.Pig/Info.plist;
				LD_RUNPATH_SEARCH_PATHS = "$(inherited) @executable_path/Frameworks";
				PRODUCT_BUNDLE_IDENTIFIER = "com.APHrockies2016.Mr-Pig";
				PRODUCT_NAME = "$(TARGET_NAME)";
				SWIFT_VERSION = 3.0;
			};
			name = Debug;
		};
		C558378F1E6384BD0098E501 /* Release */ = {
			isa = XCBuildConfiguration;
			buildSettings = {
				ASSETCATALOG_COMPILER_APPICON_NAME = AppIcon;
				DEVELOPMENT_TEAM = A3R6PYDYTC;
				INFOPLIST_FILE = Mr.Pig/Info.plist;
				LD_RUNPATH_SEARCH_PATHS = "$(inherited) @executable_path/Frameworks";
				PRODUCT_BUNDLE_IDENTIFIER = "com.APHrockies2016.Mr-Pig";
				PRODUCT_NAME = "$(TARGET_NAME)";
				SWIFT_VERSION = 3.0;
			};
			name = Release;
		};
/* End XCBuildConfiguration section */

/* Begin XCConfigurationList section */
		C55837761E6384BD0098E501 /* Build configuration list for PBXProject "Mr.Pig" */ = {
			isa = XCConfigurationList;
			buildConfigurations = (
				C558378B1E6384BD0098E501 /* Debug */,
				C558378C1E6384BD0098E501 /* Release */,
			);
			defaultConfigurationIsVisible = 0;
			defaultConfigurationName = Release;
		};
		C558378D1E6384BD0098E501 /* Build configuration list for PBXNativeTarget "Mr.Pig" */ = {
			isa = XCConfigurationList;
			buildConfigurations = (
				C558378E1E6384BD0098E501 /* Debug */,
				C558378F1E6384BD0098E501 /* Release */,
			);
			defaultConfigurationIsVisible = 0;
			defaultConfigurationName = Release;
		};
/* End XCConfigurationList section */
	};
	rootObject = C55837731E6384BD0098E501 /* Project object */;
}
